
Microsoft Visual Studio Solution File, Format Version 12.00
# Visual Studio Version 17
VisualStudioVersion = 17.5.33516.290
MinimumVisualStudioVersion = 10.0.40219.1
Project("{FAE04EC0-301F-11D3-BF4B-00C04F79EFBC}") = "QuanLyBanSach", "QuanLyBanSach\QuanLyBanSach.csproj", "{FB466C11-BBE5-4459-B158-3A71D9B6679A}"
EndProject
Global
	GlobalSection(SolutionConfigurationPlatforms) = preSolution
		Debug|Any CPU = Debug|Any CPU
		Release|Any CPU = Release|Any CPU
	EndGlobalSection
	GlobalSection(ProjectConfigurationPlatforms) = postSolution
		{FB466C11-BBE5-4459-B158-3A71D9B6679A}.Debug|Any CPU.ActiveCfg = Debug|Any CPU
		{FB466C11-BBE5-4459-B158-3A71D9B6679A}.Debug|Any CPU.Build.0 = Debug|Any CPU
		{FB466C11-BBE5-4459-B158-3A71D9B6679A}.Release|Any CPU.ActiveCfg = Release|Any CPU
		{FB466C11-BBE5-4459-B158-3A71D9B6679A}.Release|Any CPU.Build.0 = Release|Any CPU
	EndGlobalSection
	GlobalSection(SolutionProperties) = preSolution
		HideSolutionNode = FALSE
	EndGlobalSection
	GlobalSection(ExtensibilityGlobals) = postSolution
		SolutionGuid = {928AB84D-E5BE-4FE5-8E1D-9FE2B6E76590}
	EndGlobalSection
EndGlobal
